
Microsoft Visual Studio Solution File, Format Version 12.00
# Visual Studio Version 17
VisualStudioVersion = 17.5.33424.131
MinimumVisualStudioVersion = 10.0.40219.1
Project("{888888A0-9F3D-457C-B088-3A5042F75D52}") = "Analytical and Computational Foundation Coursework 1", "Analytical and Computational Foundation Coursework 1.pyproj", "{7E4D3188-61C0-428E-887C-A2DD5487CFF6}"
EndProject
Global
	GlobalSection(SolutionConfigurationPlatforms) = preSolution
		Debug|Any CPU = Debug|Any CPU
		Release|Any CPU = Release|Any CPU
	EndGlobalSection
	GlobalSection(ProjectConfigurationPlatforms) = postSolution
		{7E4D3188-61C0-428E-887C-A2DD5487CFF6}.Debug|Any CPU.ActiveCfg = Debug|Any CPU
		{7E4D3188-61C0-428E-887C-A2DD5487CFF6}.Release|Any CPU.ActiveCfg = Release|Any CPU
	EndGlobalSection
	GlobalSection(SolutionProperties) = preSolution
		HideSolutionNode = FALSE
	EndGlobalSection
	GlobalSection(ExtensibilityGlobals) = postSolution
		SolutionGuid = {145BDDAC-EEE2-4510-B74F-04C6F1781110}
	EndGlobalSection
EndGlobal
